
Microsoft Visual Studio Solution File, Format Version 12.00
# Visual Studio Version 16
VisualStudioVersion = 16.0.31005.135
MinimumVisualStudioVersion = 10.0.40219.1
Project("{FAE04EC0-301F-11D3-BF4B-00C04F79EFBC}") = "StringFormatXF.Android", "StringFormatXF\StringFormatXF.Android\StringFormatXF.Android.csproj", "{86E54D03-097F-4C9F-8729-B8BFA98FCB4B}"
EndProject
Project("{FAE04EC0-301F-11D3-BF4B-00C04F79EFBC}") = "StringFormatXF.iOS", "StringFormatXF\StringFormatXF.iOS\StringFormatXF.iOS.csproj", "{2C7CB5F3-A5EB-4CED-B6E6-4A85035DB2D3}"
EndProject
Project("{FAE04EC0-301F-11D3-BF4B-00C04F79EFBC}") = "StringFormatXF", "StringFormatXF\StringFormatXF\StringFormatXF.csproj", "{BC2F90DA-32CC-4C0F-A1FD-1B974656BBC4}"
EndProject
Global
	GlobalSection(SolutionConfigurationPlatforms) = preSolution
		Debug|Any CPU = Debug|Any CPU
		Debug|iPhone = Debug|iPhone
		Debug|iPhoneSimulator = Debug|iPhoneSimulator
		Release|Any CPU = Release|Any CPU
		Release|iPhone = Release|iPhone
		Release|iPhoneSimulator = Release|iPhoneSimulator
	EndGlobalSection
	GlobalSection(ProjectConfigurationPlatforms) = postSolution
		{86E54D03-097F-4C9F-8729-B8BFA98FCB4B}.Debug|Any CPU.ActiveCfg = Debug|Any CPU
		{86E54D03-097F-4C9F-8729-B8BFA98FCB4B}.Debug|Any CPU.Build.0 = Debug|Any CPU
		{86E54D03-097F-4C9F-8729-B8BFA98FCB4B}.Debug|Any CPU.Deploy.0 = Debug|Any CPU
		{86E54D03-097F-4C9F-8729-B8BFA98FCB4B}.Debug|iPhone.ActiveCfg = Debug|Any CPU
		{86E54D03-097F-4C9F-8729-B8BFA98FCB4B}.Debug|iPhone.Build.0 = Debug|Any CPU
		{86E54D03-097F-4C9F-8729-B8BFA98FCB4B}.Debug|iPhone.Deploy.0 = Debug|Any CPU
		{86E54D03-097F-4C9F-8729-B8BFA98FCB4B}.Debug|iPhoneSimulator.ActiveCfg = Debug|Any CPU
		{86E54D03-097F-4C9F-8729-B8BFA98FCB4B}.Debug|iPhoneSimulator.Build.0 = Debug|Any CPU
		{86E54D03-097F-4C9F-8729-B8BFA98FCB4B}.Debug|iPhoneSimulator.Deploy.0 = Debug|Any CPU
		{86E54D03-097F-4C9F-8729-B8BFA98FCB4B}.Release|Any CPU.ActiveCfg = Release|Any CPU
		{86E54D03-097F-4C9F-8729-B8BFA98FCB4B}.Release|Any CPU.Build.0 = Release|Any CPU
		{86E54D03-097F-4C9F-8729-B8BFA98FCB4B}.Release|Any CPU.Deploy.0 = Release|Any CPU
		{86E54D03-097F-4C9F-8729-B8BFA98FCB4B}.Release|iPhone.ActiveCfg = Release|Any CPU
		{86E54D03-097F-4C9F-8729-B8BFA98FCB4B}.Release|iPhone.Build.0 = Release|Any CPU
		{86E54D03-097F-4C9F-8729-B8BFA98FCB4B}.Release|iPhone.Deploy.0 = Release|Any CPU
		{86E54D03-097F-4C9F-8729-B8BFA98FCB4B}.Release|iPhoneSimulator.ActiveCfg = Release|Any CPU
		{86E54D03-097F-4C9F-8729-B8BFA98FCB4B}.Release|iPhoneSimulator.Build.0 = Release|Any CPU
		{86E54D03-097F-4C9F-8729-B8BFA98FCB4B}.Release|iPhoneSimulator.Deploy.0 = Release|Any CPU
		{2C7CB5F3-A5EB-4CED-B6E6-4A85035DB2D3}.Debug|Any CPU.ActiveCfg = Debug|iPhone
		{2C7CB5F3-A5EB-4CED-B6E6-4A85035DB2D3}.Debug|Any CPU.Build.0 = Debug|iPhone
		{2C7CB5F3-A5EB-4CED-B6E6-4A85035DB2D3}.Debug|Any CPU.Deploy.0 = Debug|iPhone
		{2C7CB5F3-A5EB-4CED-B6E6-4A85035DB2D3}.Debug|iPhone.ActiveCfg = Debug|iPhone
		{2C7CB5F3-A5EB-4CED-B6E6-4A85035DB2D3}.Debug|iPhone.Build.0 = Debug|iPhone
		{2C7CB5F3-A5EB-4CED-B6E6-4A85035DB2D3}.Debug|iPhone.Deploy.0 = Debug|iPhone
		{2C7CB5F3-A5EB-4CED-B6E6-4A85035DB2D3}.Debug|iPhoneSimulator.ActiveCfg = Debug|iPhoneSimulator
		{2C7CB5F3-A5EB-4CED-B6E6-4A85035DB2D3}.Debug|iPhoneSimulator.Build.0 = Debug|iPhoneSimulator
		{2C7CB5F3-A5EB-4CED-B6E6-4A85035DB2D3}.Debug|iPhoneSimulator.Deploy.0 = Debug|iPhoneSimulator
		{2C7CB5F3-A5EB-4CED-B6E6-4A85035DB2D3}.Release|Any CPU.ActiveCfg = Release|iPhoneSimulator
		{2C7CB5F3-A5EB-4CED-B6E6-4A85035DB2D3}.Release|Any CPU.Build.0 = Release|iPhoneSimulator
		{2C7CB5F3-A5EB-4CED-B6E6-4A85035DB2D3}.Release|Any CPU.Deploy.0 = Release|iPhoneSimulator
		{2C7CB5F3-A5EB-4CED-B6E6-4A85035DB2D3}.Release|iPhone.ActiveCfg = Release|iPhone
		{2C7CB5F3-A5EB-4CED-B6E6-4A85035DB2D3}.Release|iPhone.Build.0 = Release|iPhone
		{2C7CB5F3-A5EB-4CED-B6E6-4A85035DB2D3}.Release|iPhone.Deploy.0 = Release|iPhone
		{2C7CB5F3-A5EB-4CED-B6E6-4A85035DB2D3}.Release|iPhoneSimulator.ActiveCfg = Release|iPhoneSimulator
		{2C7CB5F3-A5EB-4CED-B6E6-4A85035DB2D3}.Release|iPhoneSimulator.Build.0 = Release|iPhoneSimulator
		{2C7CB5F3-A5EB-4CED-B6E6-4A85035DB2D3}.Release|iPhoneSimulator.Deploy.0 = Release|iPhoneSimulator
		{BC2F90DA-32CC-4C0F-A1FD-1B974656BBC4}.Debug|Any CPU.ActiveCfg = Debug|Any CPU
		{BC2F90DA-32CC-4C0F-A1FD-1B974656BBC4}.Debug|Any CPU.Build.0 = Debug|Any CPU
		{BC2F90DA-32CC-4C0F-A1FD-1B974656BBC4}.Debug|Any CPU.Deploy.0 = Debug|Any CPU
		{BC2F90DA-32CC-4C0F-A1FD-1B974656BBC4}.Debug|iPhone.ActiveCfg = Debug|Any CPU
		{BC2F90DA-32CC-4C0F-A1FD-1B974656BBC4}.Debug|iPhone.Build.0 = Debug|Any CPU
		{BC2F90DA-32CC-4C0F-A1FD-1B974656BBC4}.Debug|iPhone.Deploy.0 = Debug|Any CPU
		{BC2F90DA-32CC-4C0F-A1FD-1B974656BBC4}.Debug|iPhoneSimulator.ActiveCfg = Debug|Any CPU
		{BC2F90DA-32CC-4C0F-A1FD-1B974656BBC4}.Debug|iPhoneSimulator.Build.0 = Debug|Any CPU
		{BC2F90DA-32CC-4C0F-A1FD-1B974656BBC4}.Debug|iPhoneSimulator.Deploy.0 = Debug|Any CPU
		{BC2F90DA-32CC-4C0F-A1FD-1B974656BBC4}.Release|Any CPU.ActiveCfg = Release|Any CPU
		{BC2F90DA-32CC-4C0F-A1FD-1B974656BBC4}.Release|Any CPU.Build.0 = Release|Any CPU
		{BC2F90DA-32CC-4C0F-A1FD-1B974656BBC4}.Release|Any CPU.Deploy.0 = Release|Any CPU
		{BC2F90DA-32CC-4C0F-A1FD-1B974656BBC4}.Release|iPhone.ActiveCfg = Release|Any CPU
		{BC2F90DA-32CC-4C0F-A1FD-1B974656BBC4}.Release|iPhone.Build.0 = Release|Any CPU
		{BC2F90DA-32CC-4C0F-A1FD-1B974656BBC4}.Release|iPhone.Deploy.0 = Release|Any CPU
		{BC2F90DA-32CC-4C0F-A1FD-1B974656BBC4}.Release|iPhoneSimulator.ActiveCfg = Release|Any CPU
		{BC2F90DA-32CC-4C0F-A1FD-1B974656BBC4}.Release|iPhoneSimulator.Build.0 = Release|Any CPU
		{BC2F90DA-32CC-4C0F-A1FD-1B974656BBC4}.Release|iPhoneSimulator.Deploy.0 = Release|Any CPU
	EndGlobalSection
	GlobalSection(SolutionProperties) = preSolution
		HideSolutionNode = FALSE
	EndGlobalSection
	GlobalSection(ExtensibilityGlobals) = postSolution
		SolutionGuid = {04FC3538-1C97-4C64-BACB-3F4DD595DD4F}
	EndGlobalSection
EndGlobal
